// !$*UTF8*$!
{
	archiveVersion = 1;
	classes = {
	};
	objectVersion = 46;
	objects = {

/* Begin PBXBuildFile section */
		F61EE56A1DC28404001F166A /* AppDelegate.swift in Sources */ = {isa = PBXBuildFile; fileRef = F61EE5281DC28403001F166A /* AppDelegate.swift */; };
		F61EE56B1DC28404001F166A /* Assets.xcassets in Resources */ = {isa = PBXBuildFile; fileRef = F61EE5291DC28403001F166A /* Assets.xcassets */; };
		F61EE56C1DC28404001F166A /* LaunchScreen.storyboard in Resources */ = {isa = PBXBuildFile; fileRef = F61EE52A1DC28403001F166A /* LaunchScreen.storyboard */; };
		F61EE56D1DC28404001F166A /* Main.storyboard in Resources */ = {isa = PBXBuildFile; fileRef = F61EE52C1DC28403001F166A /* Main.storyboard */; };
		F61EE56F1DC28404001F166A /* MapViewController.swift in Sources */ = {isa = PBXBuildFile; fileRef = F61EE5661DC28404001F166A /* MapViewController.swift */; };
		F61EE5701DC28404001F166A /* Item.swift in Sources */ = {isa = PBXBuildFile; fileRef = F61EE5681DC28404001F166A /* Item.swift */; };
		F61EE5711DC28404001F166A /* Client.swift in Sources */ = {isa = PBXBuildFile; fileRef = F61EE5691DC28404001F166A /* Client.swift */; };
		F61EE5FF1DC2979F001F166A /* ListViewController.swift in Sources */ = {isa = PBXBuildFile; fileRef = F61EE5FE1DC2979F001F166A /* ListViewController.swift */; };
		F61EE6011DC29B8A001F166A /* ImageViewController.swift in Sources */ = {isa = PBXBuildFile; fileRef = F61EE6001DC29B8A001F166A /* ImageViewController.swift */; };
		F61EE6031DC2AAE3001F166A /* UserLocationManager.swift in Sources */ = {isa = PBXBuildFile; fileRef = F61EE6021DC2AAE3001F166A /* UserLocationManager.swift */; };
		F61EE6051DC2BA4B001F166A /* ListTableViewCell.swift in Sources */ = {isa = PBXBuildFile; fileRef = F61EE6041DC2BA4B001F166A /* ListTableViewCell.swift */; };
		F61EE6161DC58B88001F166A /* ReviewViewController.swift in Sources */ = {isa = PBXBuildFile; fileRef = F61EE6151DC58B88001F166A /* ReviewViewController.swift */; };
		F6E55A6E21A446680033F77F /* YelpLocate.swift in Sources */ = {isa = PBXBuildFile; fileRef = F6E55A6D21A446680033F77F /* YelpLocate.swift */; };
		F6E55A7621AC2FEE0033F77F /* YelpLocateTests.swift in Sources */ = {isa = PBXBuildFile; fileRef = F6E55A7521AC2FEE0033F77F /* YelpLocateTests.swift */; };
/* End PBXBuildFile section */

/* Begin PBXContainerItemProxy section */
		F6E55A7821AC2FEE0033F77F /* PBXContainerItemProxy */ = {
			isa = PBXContainerItemProxy;
			containerPortal = F6FD56D11DC24C7200E47DCC /* Project object */;
			proxyType = 1;
			remoteGlobalIDString = F6FD56D81DC24C7200E47DCC;
			remoteInfo = YelpLocate;
		};
/* End PBXContainerItemProxy section */

/* Begin PBXFileReference section */
		F61EE5281DC28403001F166A /* AppDelegate.swift */ = {isa = PBXFileReference; fileEncoding = 4; lastKnownFileType = sourcecode.swift; path = AppDelegate.swift; sourceTree = "<group>"; };
		F61EE5291DC28403001F166A /* Assets.xcassets */ = {isa = PBXFileReference; lastKnownFileType = folder.assetcatalog; path = Assets.xcassets; sourceTree = "<group>"; };
		F61EE52B1DC28403001F166A /* Base */ = {isa = PBXFileReference; lastKnownFileType = file.storyboard; name = Base; path = Base.lproj/LaunchScreen.storyboard; sourceTree = "<group>"; };
		F61EE52D1DC28403001F166A /* Base */ = {isa = PBXFileReference; lastKnownFileType = file.storyboard; name = Base; path = Base.lproj/Main.storyboard; sourceTree = "<group>"; };
		F61EE5651DC28404001F166A /* Info.plist */ = {isa = PBXFileReference; fileEncoding = 4; lastKnownFileType = text.plist.xml; path = Info.plist; sourceTree = "<group>"; };
		F61EE5661DC28404001F166A /* MapViewController.swift */ = {isa = PBXFileReference; fileEncoding = 4; lastKnownFileType = sourcecode.swift; path = MapViewController.swift; sourceTree = "<group>"; };
		F61EE5681DC28404001F166A /* Item.swift */ = {isa = PBXFileReference; fileEncoding = 4; lastKnownFileType = sourcecode.swift; path = Item.swift; sourceTree = "<group>"; };
		F61EE5691DC28404001F166A /* Client.swift */ = {isa = PBXFileReference; fileEncoding = 4; lastKnownFileType = sourcecode.swift; path = Client.swift; sourceTree = "<group>"; };
		F61EE5FE1DC2979F001F166A /* ListViewController.swift */ = {isa = PBXFileReference; fileEncoding = 4; lastKnownFileType = sourcecode.swift; path = ListViewController.swift; sourceTree = "<group>"; };
		F61EE6001DC29B8A001F166A /* ImageViewController.swift */ = {isa = PBXFileReference; fileEncoding = 4; lastKnownFileType = sourcecode.swift; path = ImageViewController.swift; sourceTree = "<group>"; };
		F61EE6021DC2AAE3001F166A /* UserLocationManager.swift */ = {isa = PBXFileReference; fileEncoding = 4; lastKnownFileType = sourcecode.swift; path = UserLocationManager.swift; sourceTree = "<group>"; };
		F61EE6041DC2BA4B001F166A /* ListTableViewCell.swift */ = {isa = PBXFileReference; fileEncoding = 4; lastKnownFileType = sourcecode.swift; path = ListTableViewCell.swift; sourceTree = "<group>"; };
		F61EE6151DC58B88001F166A /* ReviewViewController.swift */ = {isa = PBXFileReference; fileEncoding = 4; lastKnownFileType = sourcecode.swift; path = ReviewViewController.swift; sourceTree = "<group>"; };
		F6E55A6D21A446680033F77F /* YelpLocate.swift */ = {isa = PBXFileReference; lastKnownFileType = sourcecode.swift; path = YelpLocate.swift; sourceTree = "<group>"; };
		F6E55A7321AC2FED0033F77F /* YelpLocateTests.xctest */ = {isa = PBXFileReference; explicitFileType = wrapper.cfbundle; includeInIndex = 0; path = YelpLocateTests.xctest; sourceTree = BUILT_PRODUCTS_DIR; };
		F6E55A7521AC2FEE0033F77F /* YelpLocateTests.swift */ = {isa = PBXFileReference; lastKnownFileType = sourcecode.swift; path = YelpLocateTests.swift; sourceTree = "<group>"; };
		F6E55A7721AC2FEE0033F77F /* Info.plist */ = {isa = PBXFileReference; lastKnownFileType = text.plist.xml; path = Info.plist; sourceTree = "<group>"; };
		F6FD56D91DC24C7200E47DCC /* YelpLocate.app */ = {isa = PBXFileReference; explicitFileType = wrapper.application; includeInIndex = 0; path = YelpLocate.app; sourceTree = BUILT_PRODUCTS_DIR; };
/* End PBXFileReference section */

/* Begin PBXFrameworksBuildPhase section */
		F6E55A7021AC2FED0033F77F /* Frameworks */ = {
			isa = PBXFrameworksBuildPhase;
			buildActionMask = 2147483647;
			files = (
			);
			runOnlyForDeploymentPostprocessing = 0;
		};
		F6FD56D61DC24C7200E47DCC /* Frameworks */ = {
			isa = PBXFrameworksBuildPhase;
			buildActionMask = 2147483647;
			files = (
			);
			runOnlyForDeploymentPostprocessing = 0;
		};
/* End PBXFrameworksBuildPhase section */

/* Begin PBXGroup section */
		F61EE4E71DC26EDB001F166A /* Frameworks */ = {
			isa = PBXGroup;
			children = (
			);
			name = Frameworks;
			sourceTree = "<group>";
		};
		F61EE5261DC28403001F166A /* YelpLocate */ = {
			isa = PBXGroup;
			children = (
				F6E55A6D21A446680033F77F /* YelpLocate.swift */,
				F61EE6121DC51BCD001F166A /* Models */,
				F61EE6131DC51BE1001F166A /* Views */,
				F61EE6141DC51BF8001F166A /* Controllers */,
				F61EE5291DC28403001F166A /* Assets.xcassets */,
				F61EE5281DC28403001F166A /* AppDelegate.swift */,
				F61EE52A1DC28403001F166A /* LaunchScreen.storyboard */,
				F61EE5651DC28404001F166A /* Info.plist */,
			);
			path = YelpLocate;
			sourceTree = "<group>";
		};
		F61EE6121DC51BCD001F166A /* Models */ = {
			isa = PBXGroup;
			children = (
				F61EE5681DC28404001F166A /* Item.swift */,
				F61EE5691DC28404001F166A /* Client.swift */,
				F61EE6021DC2AAE3001F166A /* UserLocationManager.swift */,
			);
			name = Models;
			sourceTree = "<group>";
		};
		F61EE6131DC51BE1001F166A /* Views */ = {
			isa = PBXGroup;
			children = (
				F61EE52C1DC28403001F166A /* Main.storyboard */,
				F61EE6041DC2BA4B001F166A /* ListTableViewCell.swift */,
			);
			name = Views;
			sourceTree = "<group>";
		};
		F61EE6141DC51BF8001F166A /* Controllers */ = {
			isa = PBXGroup;
			children = (
				F61EE5FE1DC2979F001F166A /* ListViewController.swift */,
				F61EE5661DC28404001F166A /* MapViewController.swift */,
				F61EE6001DC29B8A001F166A /* ImageViewController.swift */,
				F61EE6151DC58B88001F166A /* ReviewViewController.swift */,
			);
			name = Controllers;
			sourceTree = "<group>";
		};
		F6E55A7421AC2FED0033F77F /* YelpLocateTests */ = {
			isa = PBXGroup;
			children = (
				F6E55A7521AC2FEE0033F77F /* YelpLocateTests.swift */,
				F6E55A7721AC2FEE0033F77F /* Info.plist */,
			);
			path = YelpLocateTests;
			sourceTree = "<group>";
		};
		F6FD56D01DC24C7200E47DCC = {
			isa = PBXGroup;
			children = (
				F61EE5261DC28403001F166A /* YelpLocate */,
				F6E55A7421AC2FED0033F77F /* YelpLocateTests */,
				F6FD56DA1DC24C7200E47DCC /* Products */,
				F61EE4E71DC26EDB001F166A /* Frameworks */,
			);
			sourceTree = "<group>";
		};
		F6FD56DA1DC24C7200E47DCC /* Products */ = {
			isa = PBXGroup;
			children = (
				F6FD56D91DC24C7200E47DCC /* YelpLocate.app */,
				F6E55A7321AC2FED0033F77F /* YelpLocateTests.xctest */,
			);
			name = Products;
			sourceTree = "<group>";
		};
/* End PBXGroup section */

/* Begin PBXNativeTarget section */
		F6E55A7221AC2FED0033F77F /* YelpLocateTests */ = {
			isa = PBXNativeTarget;
			buildConfigurationList = F6E55A7A21AC2FEE0033F77F /* Build configuration list for PBXNativeTarget "YelpLocateTests" */;
			buildPhases = (
				F6E55A6F21AC2FED0033F77F /* Sources */,
				F6E55A7021AC2FED0033F77F /* Frameworks */,
				F6E55A7121AC2FED0033F77F /* Resources */,
			);
			buildRules = (
			);
			dependencies = (
				F6E55A7921AC2FEE0033F77F /* PBXTargetDependency */,
			);
			name = YelpLocateTests;
			productName = YelpLocateTests;
			productReference = F6E55A7321AC2FED0033F77F /* YelpLocateTests.xctest */;
			productType = "com.apple.product-type.bundle.unit-test";
		};
		F6FD56D81DC24C7200E47DCC /* YelpLocate */ = {
			isa = PBXNativeTarget;
			buildConfigurationList = F6FD56EB1DC24C7200E47DCC /* Build configuration list for PBXNativeTarget "YelpLocate" */;
			buildPhases = (
				F6FD56D51DC24C7200E47DCC /* Sources */,
				F6FD56D61DC24C7200E47DCC /* Frameworks */,
				F6FD56D71DC24C7200E47DCC /* Resources */,
			);
			buildRules = (
			);
			dependencies = (
			);
			name = YelpLocate;
			productName = YelpLocate;
			productReference = F6FD56D91DC24C7200E47DCC /* YelpLocate.app */;
			productType = "com.apple.product-type.application";
		};
/* End PBXNativeTarget section */

/* Begin PBXProject section */
		F6FD56D11DC24C7200E47DCC /* Project object */ = {
			isa = PBXProject;
			attributes = {
				LastSwiftUpdateCheck = 1010;
				LastUpgradeCheck = 1010;
				ORGANIZATIONNAME = "BABELONi INC.";
				TargetAttributes = {
					F6E55A7221AC2FED0033F77F = {
						CreatedOnToolsVersion = 10.1;
						ProvisioningStyle = Automatic;
						TestTargetID = F6FD56D81DC24C7200E47DCC;
					};
					F6FD56D81DC24C7200E47DCC = {
						CreatedOnToolsVersion = 8.0;
						ProvisioningStyle = Automatic;
						SystemCapabilities = {
							com.apple.Maps.iOS = {
								enabled = 0;
							};
						};
					};
				};
			};
			buildConfigurationList = F6FD56D41DC24C7200E47DCC /* Build configuration list for PBXProject "YelpLocate" */;
			compatibilityVersion = "Xcode 3.2";
			developmentRegion = English;
			hasScannedForEncodings = 0;
			knownRegions = (
				en,
				Base,
			);
			mainGroup = F6FD56D01DC24C7200E47DCC;
			productRefGroup = F6FD56DA1DC24C7200E47DCC /* Products */;
			projectDirPath = "";
			projectRoot = "";
			targets = (
				F6FD56D81DC24C7200E47DCC /* YelpLocate */,
				F6E55A7221AC2FED0033F77F /* YelpLocateTests */,
			);
		};
/* End PBXProject section */

/* Begin PBXResourcesBuildPhase section */
		F6E55A7121AC2FED0033F77F /* Resources */ = {
			isa = PBXResourcesBuildPhase;
			buildActionMask = 2147483647;
			files = (
			);
			runOnlyForDeploymentPostprocessing = 0;
		};
		F6FD56D71DC24C7200E47DCC /* Resources */ = {
			isa = PBXResourcesBuildPhase;
			buildActionMask = 2147483647;
			files = (
				F61EE56B1DC28404001F166A /* Assets.xcassets in Resources */,
				F61EE56D1DC28404001F166A /* Main.storyboard in Resources */,
				F61EE56C1DC28404001F166A /* LaunchScreen.storyboard in Resources */,
			);
			runOnlyForDeploymentPostprocessing = 0;
		};
/* End PBXResourcesBuildPhase section */

/* Begin PBXSourcesBuildPhase section */
		F6E55A6F21AC2FED0033F77F /* Sources */ = {
			isa = PBXSourcesBuildPhase;
			buildActionMask = 2147483647;
			files = (
				F6E55A7621AC2FEE0033F77F /* YelpLocateTests.swift in Sources */,
			);
			runOnlyForDeploymentPostprocessing = 0;
		};
		F6FD56D51DC24C7200E47DCC /* Sources */ = {
			isa = PBXSourcesBuildPhase;
			buildActionMask = 2147483647;
			files = (
				F61EE56F1DC28404001F166A /* MapViewController.swift in Sources */,
				F61EE5711DC28404001F166A /* Client.swift in Sources */,
				F61EE5FF1DC2979F001F166A /* ListViewController.swift in Sources */,
				F6E55A6E21A446680033F77F /* YelpLocate.swift in Sources */,
				F61EE6031DC2AAE3001F166A /* UserLocationManager.swift in Sources */,
				F61EE6161DC58B88001F166A /* ReviewViewController.swift in Sources */,
				F61EE56A1DC28404001F166A /* AppDelegate.swift in Sources */,
				F61EE6051DC2BA4B001F166A /* ListTableViewCell.swift in Sources */,
				F61EE6011DC29B8A001F166A /* ImageViewController.swift in Sources */,
				F61EE5701DC28404001F166A /* Item.swift in Sources */,
			);
			runOnlyForDeploymentPostprocessing = 0;
		};
/* End PBXSourcesBuildPhase section */

/* Begin PBXTargetDependency section */
		F6E55A7921AC2FEE0033F77F /* PBXTargetDependency */ = {
			isa = PBXTargetDependency;
			target = F6FD56D81DC24C7200E47DCC /* YelpLocate */;
			targetProxy = F6E55A7821AC2FEE0033F77F /* PBXContainerItemProxy */;
		};
/* End PBXTargetDependency section */

/* Begin PBXVariantGroup section */
		F61EE52A1DC28403001F166A /* LaunchScreen.storyboard */ = {
			isa = PBXVariantGroup;
			children = (
				F61EE52B1DC28403001F166A /* Base */,
			);
			name = LaunchScreen.storyboard;
			sourceTree = "<group>";
		};
		F61EE52C1DC28403001F166A /* Main.storyboard */ = {
			isa = PBXVariantGroup;
			children = (
				F61EE52D1DC28403001F166A /* Base */,
			);
			name = Main.storyboard;
			sourceTree = "<group>";
		};
/* End PBXVariantGroup section */

/* Begin XCBuildConfiguration section */
		F6E55A7B21AC2FEE0033F77F /* Debug */ = {
			isa = XCBuildConfiguration;
			buildSettings = {
				BUNDLE_LOADER = "$(TEST_HOST)";
				CLANG_ANALYZER_NUMBER_OBJECT_CONVERSION = YES_AGGRESSIVE;
				CLANG_CXX_LANGUAGE_STANDARD = "gnu++14";
				CLANG_ENABLE_OBJC_WEAK = YES;
				CLANG_WARN_BLOCK_CAPTURE_AUTORELEASING = YES;
				CLANG_WARN_COMMA = YES;
				CLANG_WARN_DEPRECATED_OBJC_IMPLEMENTATIONS = YES;
				CLANG_WARN_NON_LITERAL_NULL_CONVERSION = YES;
				CLANG_WARN_OBJC_IMPLICIT_RETAIN_SELF = YES;
				CLANG_WARN_OBJC_LITERAL_CONVERSION = YES;
				CLANG_WARN_RANGE_LOOP_ANALYSIS = YES;
				CLANG_WARN_STRICT_PROTOTYPES = YES;
				CLANG_WARN_SUSPICIOUS_MOVE = YES;
				CLANG_WARN_UNGUARDED_AVAILABILITY = YES_AGGRESSIVE;
				CODE_SIGN_IDENTITY = "iPhone Developer";
				CODE_SIGN_STYLE = Automatic;
				GCC_C_LANGUAGE_STANDARD = gnu11;
				INFOPLIST_FILE = YelpLocateTests/Info.plist;
				IPHONEOS_DEPLOYMENT_TARGET = 12.1;
				LD_RUNPATH_SEARCH_PATHS = "$(inherited) @executable_path/Frameworks @loader_path/Frameworks";
				MTL_ENABLE_DEBUG_INFO = INCLUDE_SOURCE;
				MTL_FAST_MATH = YES;
				PRODUCT_BUNDLE_IDENTIFIER = com.babeloni.YelpLocateTests;
				PRODUCT_NAME = "$(TARGET_NAME)";
				SWIFT_VERSION = 4.2;
				TARGETED_DEVICE_FAMILY = "1,2";
				TEST_HOST = "$(BUILT_PRODUCTS_DIR)/YelpLocate.app/YelpLocate";
			};
			name = Debug;
		};
		F6E55A7C21AC2FEE0033F77F /* Release */ = {
			isa = XCBuildConfiguration;
			buildSettings = {
				BUNDLE_LOADER = "$(TEST_HOST)";
				CLANG_ANALYZER_NUMBER_OBJECT_CONVERSION = YES_AGGRESSIVE;
				CLANG_CXX_LANGUAGE_STANDARD = "gnu++14";
				CLANG_ENABLE_OBJC_WEAK = YES;
				CLANG_WARN_BLOCK_CAPTURE_AUTORELEASING = YES;
				CLANG_WARN_COMMA = YES;
				CLANG_WARN_DEPRECATED_OBJC_IMPLEMENTATIONS = YES;
				CLANG_WARN_NON_LITERAL_NULL_CONVERSION = YES;
				CLANG_WARN_OBJC_IMPLICIT_RETAIN_SELF = YES;
				CLANG_WARN_OBJC_LITERAL_CONVERSION = YES;
				CLANG_WARN_RANGE_LOOP_ANALYSIS = YES;
				CLANG_WARN_STRICT_PROTOTYPES = YES;
				CLANG_WARN_SUSPICIOUS_MOVE = YES;
				CLANG_WARN_UNGUARDED_AVAILABILITY = YES_AGGRESSIVE;
				CODE_SIGN_IDENTITY = "iPhone Developer";
				CODE_SIGN_STYLE = Automatic;
				GCC_C_LANGUAGE_STANDARD = gnu11;
				INFOPLIST_FILE = YelpLocateTests/Info.plist;
				IPHONEOS_DEPLOYMENT_TARGET = 12.1;
				LD_RUNPATH_SEARCH_PATHS = "$(inherited) @executable_path/Frameworks @loader_path/Frameworks";
				MTL_FAST_MATH = YES;
				PRODUCT_BUNDLE_IDENTIFIER = com.babeloni.YelpLocateTests;
				PRODUCT_NAME = "$(TARGET_NAME)";
				SWIFT_VERSION = 4.2;
				TARGETED_DEVICE_FAMILY = "1,2";
				TEST_HOST = "$(BUILT_PRODUCTS_DIR)/YelpLocate.app/YelpLocate";
			};
			name = Release;
		};
		F6FD56E91DC24C7200E47DCC /* Debug */ = {
			isa = XCBuildConfiguration;
			buildSettings = {
				ALWAYS_SEARCH_USER_PATHS = NO;
				CLANG_ANALYZER_NONNULL = YES;
				CLANG_CXX_LANGUAGE_STANDARD = "gnu++0x";
				CLANG_CXX_LIBRARY = "libc++";
				CLANG_ENABLE_MODULES = YES;
				CLANG_ENABLE_OBJC_ARC = YES;
				CLANG_WARN_BOOL_CONVERSION = YES;
				CLANG_WARN_CONSTANT_CONVERSION = YES;
				CLANG_WARN_DIRECT_OBJC_ISA_USAGE = YES_ERROR;
				CLANG_WARN_DOCUMENTATION_COMMENTS = YES;
				CLANG_WARN_EMPTY_BODY = YES;
				CLANG_WARN_ENUM_CONVERSION = YES;
				CLANG_WARN_INFINITE_RECURSION = YES;
				CLANG_WARN_INT_CONVERSION = YES;
				CLANG_WARN_OBJC_ROOT_CLASS = YES_ERROR;
				CLANG_WARN_SUSPICIOUS_MOVES = YES;
				CLANG_WARN_UNREACHABLE_CODE = YES;
				CLANG_WARN__DUPLICATE_METHOD_MATCH = YES;
				"CODE_SIGN_IDENTITY[sdk=iphoneos*]" = "iPhone Developer";
				COPY_PHASE_STRIP = NO;
				DEBUG_INFORMATION_FORMAT = dwarf;
				ENABLE_STRICT_OBJC_MSGSEND = YES;
				ENABLE_TESTABILITY = YES;
				GCC_C_LANGUAGE_STANDARD = gnu99;
				GCC_DYNAMIC_NO_PIC = NO;
				GCC_NO_COMMON_BLOCKS = YES;
				GCC_OPTIMIZATION_LEVEL = 0;
				GCC_PREPROCESSOR_DEFINITIONS = (
					"DEBUG=1",
					"$(inherited)",
				);
				GCC_WARN_64_TO_32_BIT_CONVERSION = YES;
				GCC_WARN_ABOUT_RETURN_TYPE = YES_ERROR;
				GCC_WARN_UNDECLARED_SELECTOR = YES;
				GCC_WARN_UNINITIALIZED_AUTOS = YES_AGGRESSIVE;
				GCC_WARN_UNUSED_FUNCTION = YES;
				GCC_WARN_UNUSED_VARIABLE = YES;
				IPHONEOS_DEPLOYMENT_TARGET = 10.0;
				MTL_ENABLE_DEBUG_INFO = YES;
				ONLY_ACTIVE_ARCH = YES;
				SDKROOT = iphoneos;
				SWIFT_ACTIVE_COMPILATION_CONDITIONS = DEBUG;
				SWIFT_OPTIMIZATION_LEVEL = "-Onone";
				TARGETED_DEVICE_FAMILY = "1,2";
			};
			name = Debug;
		};
		F6FD56EA1DC24C7200E47DCC /* Release */ = {
			isa = XCBuildConfiguration;
			buildSettings = {
				ALWAYS_SEARCH_USER_PATHS = NO;
				CLANG_ANALYZER_NONNULL = YES;
				CLANG_CXX_LANGUAGE_STANDARD = "gnu++0x";
				CLANG_CXX_LIBRARY = "libc++";
				CLANG_ENABLE_MODULES = YES;
				CLANG_ENABLE_OBJC_ARC = YES;
				CLANG_WARN_BOOL_CONVERSION = YES;
				CLANG_WARN_CONSTANT_CONVERSION = YES;
				CLANG_WARN_DIRECT_OBJC_ISA_USAGE = YES_ERROR;
				CLANG_WARN_DOCUMENTATION_COMMENTS = YES;
				CLANG_WARN_EMPTY_BODY = YES;
				CLANG_WARN_ENUM_CONVERSION = YES;
				CLANG_WARN_INFINITE_RECURSION = YES;
				CLANG_WARN_INT_CONVERSION = YES;
				CLANG_WARN_OBJC_ROOT_CLASS = YES_ERROR;
				CLANG_WARN_SUSPICIOUS_MOVES = YES;
				CLANG_WARN_UNREACHABLE_CODE = YES;
				CLANG_WARN__DUPLICATE_METHOD_MATCH = YES;
				"CODE_SIGN_IDENTITY[sdk=iphoneos*]" = "iPhone Developer";
				COPY_PHASE_STRIP = NO;
				DEBUG_INFORMATION_FORMAT = "dwarf-with-dsym";
				ENABLE_NS_ASSERTIONS = NO;
				ENABLE_STRICT_OBJC_MSGSEND = YES;
				GCC_C_LANGUAGE_STANDARD = gnu99;
				GCC_NO_COMMON_BLOCKS = YES;
				GCC_WARN_64_TO_32_BIT_CONVERSION = YES;
				GCC_WARN_ABOUT_RETURN_TYPE = YES_ERROR;
				GCC_WARN_UNDECLARED_SELECTOR = YES;
				GCC_WARN_UNINITIALIZED_AUTOS = YES_AGGRESSIVE;
				GCC_WARN_UNUSED_FUNCTION = YES;
				GCC_WARN_UNUSED_VARIABLE = YES;
				IPHONEOS_DEPLOYMENT_TARGET = 10.0;
				MTL_ENABLE_DEBUG_INFO = NO;
				SDKROOT = iphoneos;
				SWIFT_OPTIMIZATION_LEVEL = "-Owholemodule";
				TARGETED_DEVICE_FAMILY = "1,2";
				VALIDATE_PRODUCT = YES;
			};
			name = Release;
		};
		F6FD56EC1DC24C7200E47DCC /* Debug */ = {
			isa = XCBuildConfiguration;
			buildSettings = {
				ALWAYS_SEARCH_USER_PATHS = NO;
				ASSETCATALOG_COMPILER_APPICON_NAME = AppIcon;
				ASSETCATALOG_COMPILER_LAUNCHIMAGE_NAME = LaunchImage;
				ENABLE_BITCODE = YES;
				HEADER_SEARCH_PATHS = (
					"$SRCROOT/AFNetworking/AFNetworking/,",
					$SRCROOT/BDBOAuth1Manager/BDBOAuth1Manager/,
				);
				INFOPLIST_FILE = YelpLocate/Info.plist;
				IPHONEOS_DEPLOYMENT_TARGET = 12.1;
				LD_RUNPATH_SEARCH_PATHS = "$(inherited) @executable_path/Frameworks";
				LIBRARY_SEARCH_PATHS = (
					"$(inherited)",
					"$(PROJECT_DIR)",
				);
				PRODUCT_BUNDLE_IDENTIFIER = com.babeloni.YelpLocate;
				PRODUCT_NAME = "$(TARGET_NAME)";
				SWIFT_OBJC_BRIDGING_HEADER = "";
				SWIFT_VERSION = 4.2;
				USER_HEADER_SEARCH_PATHS = "";
				USE_HEADERMAP = YES;
			};
			name = Debug;
		};
		F6FD56ED1DC24C7200E47DCC /* Release */ = {
			isa = XCBuildConfiguration;
			buildSettings = {
				ALWAYS_SEARCH_USER_PATHS = NO;
				ASSETCATALOG_COMPILER_APPICON_NAME = AppIcon;
				ASSETCATALOG_COMPILER_LAUNCHIMAGE_NAME = LaunchImage;
				ENABLE_BITCODE = YES;
				HEADER_SEARCH_PATHS = (
					"$SRCROOT/AFNetworking/AFNetworking/,",
					$SRCROOT/BDBOAuth1Manager/BDBOAuth1Manager/,
				);
				INFOPLIST_FILE = YelpLocate/Info.plist;
				IPHONEOS_DEPLOYMENT_TARGET = 12.1;
				LD_RUNPATH_SEARCH_PATHS = "$(inherited) @executable_path/Frameworks";
				LIBRARY_SEARCH_PATHS = (
					"$(inherited)",
					"$(PROJECT_DIR)",
				);
				PRODUCT_BUNDLE_IDENTIFIER = com.babeloni.YelpLocate;
				PRODUCT_NAME = "$(TARGET_NAME)";
				SWIFT_OBJC_BRIDGING_HEADER = "";
				SWIFT_VERSION = 4.2;
				USER_HEADER_SEARCH_PATHS = "";
				USE_HEADERMAP = YES;
			};
			name = Release;
		};
/* End XCBuildConfiguration section */

/* Begin XCConfigurationList section */
		F6E55A7A21AC2FEE0033F77F /* Build configuration list for PBXNativeTarget "YelpLocateTests" */ = {
			isa = XCConfigurationList;
			buildConfigurations = (
				F6E55A7B21AC2FEE0033F77F /* Debug */,
				F6E55A7C21AC2FEE0033F77F /* Release */,
			);
			defaultConfigurationIsVisible = 0;
			defaultConfigurationName = Release;
		};
		F6FD56D41DC24C7200E47DCC /* Build configuration list for PBXProject "YelpLocate" */ = {
			isa = XCConfigurationList;
			buildConfigurations = (
				F6FD56E91DC24C7200E47DCC /* Debug */,
				F6FD56EA1DC24C7200E47DCC /* Release */,
			);
			defaultConfigurationIsVisible = 0;
			defaultConfigurationName = Release;
		};
		F6FD56EB1DC24C7200E47DCC /* Build configuration list for PBXNativeTarget "YelpLocate" */ = {
			isa = XCConfigurationList;
			buildConfigurations = (
				F6FD56EC1DC24C7200E47DCC /* Debug */,
				F6FD56ED1DC24C7200E47DCC /* Release */,
			);
			defaultConfigurationIsVisible = 0;
			defaultConfigurationName = Release;
		};
/* End XCConfigurationList section */
	};
	rootObject = F6FD56D11DC24C7200E47DCC /* Project object */;
}
